// !$*UTF8*$!
{
	archiveVersion = 1;
	classes = {
	};
	objectVersion = 56;
	objects = {

/* Begin PBXBuildFile section */
		A304840B299A6994008DC415 /* FavoriteButton.swift in Sources */ = {isa = PBXBuildFile; fileRef = A304840A299A6994008DC415 /* FavoriteButton.swift */; };
		A304840F299A6D97008DC415 /* LandmarkRow.swift in Sources */ = {isa = PBXBuildFile; fileRef = A304840E299A6D97008DC415 /* LandmarkRow.swift */; };
		A3721C02298938CC00CD0606 /* landmarkData.json in Resources */ = {isa = PBXBuildFile; fileRef = A3721C01298938CC00CD0606 /* landmarkData.json */; };
		A3721C0429893C6C00CD0606 /* Landmark.swift in Sources */ = {isa = PBXBuildFile; fileRef = A3721C0329893C6C00CD0606 /* Landmark.swift */; };
		A3721C06298944B700CD0606 /* ModelData.swift in Sources */ = {isa = PBXBuildFile; fileRef = A3721C05298944B700CD0606 /* ModelData.swift */; };
		A3721C12298951E000CD0606 /* LandmarkList.swift in Sources */ = {isa = PBXBuildFile; fileRef = A3721C11298951E000CD0606 /* LandmarkList.swift */; };
		A3721C14298A9BA800CD0606 /* LandmarkDetail.swift in Sources */ = {isa = PBXBuildFile; fileRef = A3721C13298A9BA800CD0606 /* LandmarkDetail.swift */; };
		A39D20982987EAD20087F0D0 /* LandmarksApp.swift in Sources */ = {isa = PBXBuildFile; fileRef = A39D20972987EAD20087F0D0 /* LandmarksApp.swift */; };
		A39D209A2987EAD20087F0D0 /* ContentView.swift in Sources */ = {isa = PBXBuildFile; fileRef = A39D20992987EAD20087F0D0 /* ContentView.swift */; };
		A39D209C2987EAD30087F0D0 /* Assets.xcassets in Resources */ = {isa = PBXBuildFile; fileRef = A39D209B2987EAD30087F0D0 /* Assets.xcassets */; };
		A39D209F2987EAD30087F0D0 /* Preview Assets.xcassets in Resources */ = {isa = PBXBuildFile; fileRef = A39D209E2987EAD30087F0D0 /* Preview Assets.xcassets */; };
		A39D20A82987EFB10087F0D0 /* CircleImage.swift in Sources */ = {isa = PBXBuildFile; fileRef = A39D20A72987EFB10087F0D0 /* CircleImage.swift */; };
		A39D20AA2987F8D00087F0D0 /* MapView.swift in Sources */ = {isa = PBXBuildFile; fileRef = A39D20A92987F8D00087F0D0 /* MapView.swift */; };
/* End PBXBuildFile section */

/* Begin PBXFileReference section */
		A304840A299A6994008DC415 /* FavoriteButton.swift */ = {isa = PBXFileReference; lastKnownFileType = sourcecode.swift; path = FavoriteButton.swift; sourceTree = "<group>"; };
		A304840E299A6D97008DC415 /* LandmarkRow.swift */ = {isa = PBXFileReference; lastKnownFileType = sourcecode.swift; path = LandmarkRow.swift; sourceTree = "<group>"; };
		A3721C01298938CC00CD0606 /* landmarkData.json */ = {isa = PBXFileReference; fileEncoding = 4; lastKnownFileType = text.json; path = landmarkData.json; sourceTree = "<group>"; };
		A3721C0329893C6C00CD0606 /* Landmark.swift */ = {isa = PBXFileReference; lastKnownFileType = sourcecode.swift; path = Landmark.swift; sourceTree = "<group>"; };
		A3721C05298944B700CD0606 /* ModelData.swift */ = {isa = PBXFileReference; lastKnownFileType = sourcecode.swift; path = ModelData.swift; sourceTree = "<group>"; };
		A3721C11298951E000CD0606 /* LandmarkList.swift */ = {isa = PBXFileReference; lastKnownFileType = sourcecode.swift; path = LandmarkList.swift; sourceTree = "<group>"; };
		A3721C13298A9BA800CD0606 /* LandmarkDetail.swift */ = {isa = PBXFileReference; lastKnownFileType = sourcecode.swift; path = LandmarkDetail.swift; sourceTree = "<group>"; };
		A39D20942987EAD20087F0D0 /* Landmarks.app */ = {isa = PBXFileReference; explicitFileType = wrapper.application; includeInIndex = 0; path = Landmarks.app; sourceTree = BUILT_PRODUCTS_DIR; };
		A39D20972987EAD20087F0D0 /* LandmarksApp.swift */ = {isa = PBXFileReference; lastKnownFileType = sourcecode.swift; path = LandmarksApp.swift; sourceTree = "<group>"; };
		A39D20992987EAD20087F0D0 /* ContentView.swift */ = {isa = PBXFileReference; lastKnownFileType = sourcecode.swift; path = ContentView.swift; sourceTree = "<group>"; };
		A39D209B2987EAD30087F0D0 /* Assets.xcassets */ = {isa = PBXFileReference; lastKnownFileType = folder.assetcatalog; path = Assets.xcassets; sourceTree = "<group>"; };
		A39D209E2987EAD30087F0D0 /* Preview Assets.xcassets */ = {isa = PBXFileReference; lastKnownFileType = folder.assetcatalog; path = "Preview Assets.xcassets"; sourceTree = "<group>"; };
		A39D20A72987EFB10087F0D0 /* CircleImage.swift */ = {isa = PBXFileReference; lastKnownFileType = sourcecode.swift; path = CircleImage.swift; sourceTree = "<group>"; };
		A39D20A92987F8D00087F0D0 /* MapView.swift */ = {isa = PBXFileReference; lastKnownFileType = sourcecode.swift; path = MapView.swift; sourceTree = "<group>"; };
/* End PBXFileReference section */

/* Begin PBXFrameworksBuildPhase section */
		A39D20912987EAD20087F0D0 /* Frameworks */ = {
			isa = PBXFrameworksBuildPhase;
			buildActionMask = 2147483647;
			files = (
			);
			runOnlyForDeploymentPostprocessing = 0;
		};
/* End PBXFrameworksBuildPhase section */

/* Begin PBXGroup section */
		A304840C299A6B83008DC415 /* Landmarks */ = {
			isa = PBXGroup;
			children = (
				A304840E299A6D97008DC415 /* LandmarkRow.swift */,
				A3721C11298951E000CD0606 /* LandmarkList.swift */,
				A3721C13298A9BA800CD0606 /* LandmarkDetail.swift */,
			);
			path = Landmarks;
			sourceTree = "<group>";
		};
		A304840D299A6B97008DC415 /* Helpers */ = {
			isa = PBXGroup;
			children = (
				A39D20A72987EFB10087F0D0 /* CircleImage.swift */,
				A39D20A92987F8D00087F0D0 /* MapView.swift */,
				A304840A299A6994008DC415 /* FavoriteButton.swift */,
			);
			path = Helpers;
			sourceTree = "<group>";
		};
		A3721C082989477D00CD0606 /* Views */ = {
			isa = PBXGroup;
			children = (
				A39D20992987EAD20087F0D0 /* ContentView.swift */,
				A304840C299A6B83008DC415 /* Landmarks */,
				A304840D299A6B97008DC415 /* Helpers */,
			);
			path = Views;
			sourceTree = "<group>";
		};
		A3721C092989479000CD0606 /* Model */ = {
			isa = PBXGroup;
			children = (
				A3721C05298944B700CD0606 /* ModelData.swift */,
				A3721C0329893C6C00CD0606 /* Landmark.swift */,
			);
			path = Model;
			sourceTree = "<group>";
		};
		A3721C0A298947AB00CD0606 /* Resources */ = {
			isa = PBXGroup;
			children = (
				A3721C01298938CC00CD0606 /* landmarkData.json */,
			);
			path = Resources;
			sourceTree = "<group>";
		};
		A39D208B2987EAD20087F0D0 = {
			isa = PBXGroup;
			children = (
				A39D20962987EAD20087F0D0 /* Landmarks */,
				A39D20952987EAD20087F0D0 /* Products */,
			);
			sourceTree = "<group>";
		};
		A39D20952987EAD20087F0D0 /* Products */ = {
			isa = PBXGroup;
			children = (
				A39D20942987EAD20087F0D0 /* Landmarks.app */,
			);
			name = Products;
			sourceTree = "<group>";
		};
		A39D20962987EAD20087F0D0 /* Landmarks */ = {
			isa = PBXGroup;
			children = (
				A39D20972987EAD20087F0D0 /* LandmarksApp.swift */,
				A3721C082989477D00CD0606 /* Views */,
				A3721C092989479000CD0606 /* Model */,
				A3721C0A298947AB00CD0606 /* Resources */,
				A39D209B2987EAD30087F0D0 /* Assets.xcassets */,
				A39D209D2987EAD30087F0D0 /* Preview Content */,
			);
			path = Landmarks;
			sourceTree = "<group>";
		};
		A39D209D2987EAD30087F0D0 /* Preview Content */ = {
			isa = PBXGroup;
			children = (
				A39D209E2987EAD30087F0D0 /* Preview Assets.xcassets */,
			);
			path = "Preview Content";
			sourceTree = "<group>";
		};
/* End PBXGroup section */

/* Begin PBXNativeTarget section */
		A39D20932987EAD20087F0D0 /* Landmarks */ = {
			isa = PBXNativeTarget;
			buildConfigurationList = A39D20A22987EAD30087F0D0 /* Build configuration list for PBXNativeTarget "Landmarks" */;
			buildPhases = (
				A39D20902987EAD20087F0D0 /* Sources */,
				A39D20912987EAD20087F0D0 /* Frameworks */,
				A39D20922987EAD20087F0D0 /* Resources */,
			);
			buildRules = (
			);
			dependencies = (
			);
			name = Landmarks;
			productName = Landmarks;
			productReference = A39D20942987EAD20087F0D0 /* Landmarks.app */;
			productType = "com.apple.product-type.application";
		};
/* End PBXNativeTarget section */

/* Begin PBXProject section */
		A39D208C2987EAD20087F0D0 /* Project object */ = {
			isa = PBXProject;
			attributes = {
				BuildIndependentTargetsInParallel = 1;
				LastSwiftUpdateCheck = 1420;
				LastUpgradeCheck = 1420;
				TargetAttributes = {
					A39D20932987EAD20087F0D0 = {
						CreatedOnToolsVersion = 14.2;
					};
				};
			};
			buildConfigurationList = A39D208F2987EAD20087F0D0 /* Build configuration list for PBXProject "Landmarks" */;
			compatibilityVersion = "Xcode 14.0";
			developmentRegion = en;
			hasScannedForEncodings = 0;
			knownRegions = (
				en,
				Base,
			);
			mainGroup = A39D208B2987EAD20087F0D0;
			productRefGroup = A39D20952987EAD20087F0D0 /* Products */;
			projectDirPath = "";
			projectRoot = "";
			targets = (
				A39D20932987EAD20087F0D0 /* Landmarks */,
			);
		};
/* End PBXProject section */

/* Begin PBXResourcesBuildPhase section */
		A39D20922987EAD20087F0D0 /* Resources */ = {
			isa = PBXResourcesBuildPhase;
			buildActionMask = 2147483647;
			files = (
				A39D209F2987EAD30087F0D0 /* Preview Assets.xcassets in Resources */,
				A39D209C2987EAD30087F0D0 /* Assets.xcassets in Resources */,
				A3721C02298938CC00CD0606 /* landmarkData.json in Resources */,
			);
			runOnlyForDeploymentPostprocessing = 0;
		};
/* End PBXResourcesBuildPhase section */

/* Begin PBXSourcesBuildPhase section */
		A39D20902987EAD20087F0D0 /* Sources */ = {
			isa = PBXSourcesBuildPhase;
			buildActionMask = 2147483647;
			files = (
				A39D209A2987EAD20087F0D0 /* ContentView.swift in Sources */,
				A39D20AA2987F8D00087F0D0 /* MapView.swift in Sources */,
				A39D20982987EAD20087F0D0 /* LandmarksApp.swift in Sources */,
				A304840B299A6994008DC415 /* FavoriteButton.swift in Sources */,
				A3721C12298951E000CD0606 /* LandmarkList.swift in Sources */,
				A3721C14298A9BA800CD0606 /* LandmarkDetail.swift in Sources */,
				A39D20A82987EFB10087F0D0 /* CircleImage.swift in Sources */,
				A3721C0429893C6C00CD0606 /* Landmark.swift in Sources */,
				A304840F299A6D97008DC415 /* LandmarkRow.swift in Sources */,
				A3721C06298944B700CD0606 /* ModelData.swift in Sources */,
			);
			runOnlyForDeploymentPostprocessing = 0;
		};
/* End PBXSourcesBuildPhase section */

/* Begin XCBuildConfiguration section */
		A39D20A02987EAD30087F0D0 /* Debug */ = {
			isa = XCBuildConfiguration;
			buildSettings = {
				ALWAYS_SEARCH_USER_PATHS = NO;
				CLANG_ANALYZER_NONNULL = YES;
				CLANG_ANALYZER_NUMBER_OBJECT_CONVERSION = YES_AGGRESSIVE;
				CLANG_CXX_LANGUAGE_STANDARD = "gnu++20";
				CLANG_ENABLE_MODULES = YES;
				CLANG_ENABLE_OBJC_ARC = YES;
				CLANG_ENABLE_OBJC_WEAK = YES;
				CLANG_WARN_BLOCK_CAPTURE_AUTORELEASING = YES;
				CLANG_WARN_BOOL_CONVERSION = YES;
				CLANG_WARN_COMMA = YES;
				CLANG_WARN_CONSTANT_CONVERSION = YES;
				CLANG_WARN_DEPRECATED_OBJC_IMPLEMENTATIONS = YES;
				CLANG_WARN_DIRECT_OBJC_ISA_USAGE = YES_ERROR;
				CLANG_WARN_DOCUMENTATION_COMMENTS = YES;
				CLANG_WARN_EMPTY_BODY = YES;
				CLANG_WARN_ENUM_CONVERSION = YES;
				CLANG_WARN_INFINITE_RECURSION = YES;
				CLANG_WARN_INT_CONVERSION = YES;
				CLANG_WARN_NON_LITERAL_NULL_CONVERSION = YES;
				CLANG_WARN_OBJC_IMPLICIT_RETAIN_SELF = YES;
				CLANG_WARN_OBJC_LITERAL_CONVERSION = YES;
				CLANG_WARN_OBJC_ROOT_CLASS = YES_ERROR;
				CLANG_WARN_QUOTED_INCLUDE_IN_FRAMEWORK_HEADER = YES;
				CLANG_WARN_RANGE_LOOP_ANALYSIS = YES;
				CLANG_WARN_STRICT_PROTOTYPES = YES;
				CLANG_WARN_SUSPICIOUS_MOVE = YES;
				CLANG_WARN_UNGUARDED_AVAILABILITY = YES_AGGRESSIVE;
				CLANG_WARN_UNREACHABLE_CODE = YES;
				CLANG_WARN__DUPLICATE_METHOD_MATCH = YES;
				COPY_PHASE_STRIP = NO;
				DEBUG_INFORMATION_FORMAT = dwarf;
				ENABLE_STRICT_OBJC_MSGSEND = YES;
				ENABLE_TESTABILITY = YES;
				GCC_C_LANGUAGE_STANDARD = gnu11;
				GCC_DYNAMIC_NO_PIC = NO;
				GCC_NO_COMMON_BLOCKS = YES;
				GCC_OPTIMIZATION_LEVEL = 0;
				GCC_PREPROCESSOR_DEFINITIONS = (
					"DEBUG=1",
					"$(inherited)",
				);
				GCC_WARN_64_TO_32_BIT_CONVERSION = YES;
				GCC_WARN_ABOUT_RETURN_TYPE = YES_ERROR;
				GCC_WARN_UNDECLARED_SELECTOR = YES;
				GCC_WARN_UNINITIALIZED_AUTOS = YES_AGGRESSIVE;
				GCC_WARN_UNUSED_FUNCTION = YES;
				GCC_WARN_UNUSED_VARIABLE = YES;
				IPHONEOS_DEPLOYMENT_TARGET = 16.2;
				MTL_ENABLE_DEBUG_INFO = INCLUDE_SOURCE;
				MTL_FAST_MATH = YES;
				ONLY_ACTIVE_ARCH = YES;
				SDKROOT = iphoneos;
				SWIFT_ACTIVE_COMPILATION_CONDITIONS = DEBUG;
				SWIFT_OPTIMIZATION_LEVEL = "-Onone";
			};
			name = Debug;
		};
		A39D20A12987EAD30087F0D0 /* Release */ = {
			isa = XCBuildConfiguration;
			buildSettings = {
				ALWAYS_SEARCH_USER_PATHS = NO;
				CLANG_ANALYZER_NONNULL = YES;
				CLANG_ANALYZER_NUMBER_OBJECT_CONVERSION = YES_AGGRESSIVE;
				CLANG_CXX_LANGUAGE_STANDARD = "gnu++20";
				CLANG_ENABLE_MODULES = YES;
				CLANG_ENABLE_OBJC_ARC = YES;
				CLANG_ENABLE_OBJC_WEAK = YES;
				CLANG_WARN_BLOCK_CAPTURE_AUTORELEASING = YES;
				CLANG_WARN_BOOL_CONVERSION = YES;
				CLANG_WARN_COMMA = YES;
				CLANG_WARN_CONSTANT_CONVERSION = YES;
				CLANG_WARN_DEPRECATED_OBJC_IMPLEMENTATIONS = YES;
				CLANG_WARN_DIRECT_OBJC_ISA_USAGE = YES_ERROR;
				CLANG_WARN_DOCUMENTATION_COMMENTS = YES;
				CLANG_WARN_EMPTY_BODY = YES;
				CLANG_WARN_ENUM_CONVERSION = YES;
				CLANG_WARN_INFINITE_RECURSION = YES;
				CLANG_WARN_INT_CONVERSION = YES;
				CLANG_WARN_NON_LITERAL_NULL_CONVERSION = YES;
				CLANG_WARN_OBJC_IMPLICIT_RETAIN_SELF = YES;
				CLANG_WARN_OBJC_LITERAL_CONVERSION = YES;
				CLANG_WARN_OBJC_ROOT_CLASS = YES_ERROR;
				CLANG_WARN_QUOTED_INCLUDE_IN_FRAMEWORK_HEADER = YES;
				CLANG_WARN_RANGE_LOOP_ANALYSIS = YES;
				CLANG_WARN_STRICT_PROTOTYPES = YES;
				CLANG_WARN_SUSPICIOUS_MOVE = YES;
				CLANG_WARN_UNGUARDED_AVAILABILITY = YES_AGGRESSIVE;
				CLANG_WARN_UNREACHABLE_CODE = YES;
				CLANG_WARN__DUPLICATE_METHOD_MATCH = YES;
				COPY_PHASE_STRIP = NO;
				DEBUG_INFORMATION_FORMAT = "dwarf-with-dsym";
				ENABLE_NS_ASSERTIONS = NO;
				ENABLE_STRICT_OBJC_MSGSEND = YES;
				GCC_C_LANGUAGE_STANDARD = gnu11;
				GCC_NO_COMMON_BLOCKS = YES;
				GCC_WARN_64_TO_32_BIT_CONVERSION = YES;
				GCC_WARN_ABOUT_RETURN_TYPE = YES_ERROR;
				GCC_WARN_UNDECLARED_SELECTOR = YES;
				GCC_WARN_UNINITIALIZED_AUTOS = YES_AGGRESSIVE;
				GCC_WARN_UNUSED_FUNCTION = YES;
				GCC_WARN_UNUSED_VARIABLE = YES;
				IPHONEOS_DEPLOYMENT_TARGET = 16.2;
				MTL_ENABLE_DEBUG_INFO = NO;
				MTL_FAST_MATH = YES;
				SDKROOT = iphoneos;
				SWIFT_COMPILATION_MODE = wholemodule;
				SWIFT_OPTIMIZATION_LEVEL = "-O";
				VALIDATE_PRODUCT = YES;
			};
			name = Release;
		};
		A39D20A32987EAD30087F0D0 /* Debug */ = {
			isa = XCBuildConfiguration;
			buildSettings = {
				ASSETCATALOG_COMPILER_APPICON_NAME = AppIcon;
				ASSETCATALOG_COMPILER_GLOBAL_ACCENT_COLOR_NAME = AccentColor;
				CODE_SIGN_STYLE = Automatic;
				CURRENT_PROJECT_VERSION = 1;
				DEVELOPMENT_ASSET_PATHS = "\"Landmarks/Preview Content\"";
				ENABLE_PREVIEWS = YES;
				GENERATE_INFOPLIST_FILE = YES;
				INFOPLIST_KEY_UIApplicationSceneManifest_Generation = YES;
				INFOPLIST_KEY_UIApplicationSupportsIndirectInputEvents = YES;
				INFOPLIST_KEY_UILaunchScreen_Generation = YES;
				INFOPLIST_KEY_UISupportedInterfaceOrientations_iPad = "UIInterfaceOrientationPortrait UIInterfaceOrientationPortraitUpsideDown UIInterfaceOrientationLandscapeLeft UIInterfaceOrientationLandscapeRight";
				INFOPLIST_KEY_UISupportedInterfaceOrientations_iPhone = "UIInterfaceOrientationPortrait UIInterfaceOrientationLandscapeLeft UIInterfaceOrientationLandscapeRight";
				LD_RUNPATH_SEARCH_PATHS = (
					"$(inherited)",
					"@executable_path/Frameworks",
				);
				MARKETING_VERSION = 1.0;
				PRODUCT_BUNDLE_IDENTIFIER = swiftui.Landmarks;
				PRODUCT_NAME = "$(TARGET_NAME)";
				SWIFT_EMIT_LOC_STRINGS = YES;
				SWIFT_VERSION = 5.0;
				TARGETED_DEVICE_FAMILY = "1,2";
			};
			name = Debug;
		};
		A39D20A42987EAD30087F0D0 /* Release */ = {
			isa = XCBuildConfiguration;
			buildSettings = {
				ASSETCATALOG_COMPILER_APPICON_NAME = AppIcon;
				ASSETCATALOG_COMPILER_GLOBAL_ACCENT_COLOR_NAME = AccentColor;
				CODE_SIGN_STYLE = Automatic;
				CURRENT_PROJECT_VERSION = 1;
				DEVELOPMENT_ASSET_PATHS = "\"Landmarks/Preview Content\"";
				ENABLE_PREVIEWS = YES;
				GENERATE_INFOPLIST_FILE = YES;
				INFOPLIST_KEY_UIApplicationSceneManifest_Generation = YES;
				INFOPLIST_KEY_UIApplicationSupportsIndirectInputEvents = YES;
				INFOPLIST_KEY_UILaunchScreen_Generation = YES;
				INFOPLIST_KEY_UISupportedInterfaceOrientations_iPad = "UIInterfaceOrientationPortrait UIInterfaceOrientationPortraitUpsideDown UIInterfaceOrientationLandscapeLeft UIInterfaceOrientationLandscapeRight";
				INFOPLIST_KEY_UISupportedInterfaceOrientations_iPhone = "UIInterfaceOrientationPortrait UIInterfaceOrientationLandscapeLeft UIInterfaceOrientationLandscapeRight";
				LD_RUNPATH_SEARCH_PATHS = (
					"$(inherited)",
					"@executable_path/Frameworks",
				);
				MARKETING_VERSION = 1.0;
				PRODUCT_BUNDLE_IDENTIFIER = swiftui.Landmarks;
				PRODUCT_NAME = "$(TARGET_NAME)";
				SWIFT_EMIT_LOC_STRINGS = YES;
				SWIFT_VERSION = 5.0;
				TARGETED_DEVICE_FAMILY = "1,2";
			};
			name = Release;
		};
/* End XCBuildConfiguration section */

/* Begin XCConfigurationList section */
		A39D208F2987EAD20087F0D0 /* Build configuration list for PBXProject "Landmarks" */ = {
			isa = XCConfigurationList;
			buildConfigurations = (
				A39D20A02987EAD30087F0D0 /* Debug */,
				A39D20A12987EAD30087F0D0 /* Release */,
			);
			defaultConfigurationIsVisible = 0;
			defaultConfigurationName = Release;
		};
		A39D20A22987EAD30087F0D0 /* Build configuration list for PBXNativeTarget "Landmarks" */ = {
			isa = XCConfigurationList;
			buildConfigurations = (
				A39D20A32987EAD30087F0D0 /* Debug */,
				A39D20A42987EAD30087F0D0 /* Release */,
			);
			defaultConfigurationIsVisible = 0;
			defaultConfigurationName = Release;
		};
/* End XCConfigurationList section */
	};
	rootObject = A39D208C2987EAD20087F0D0 /* Project object */;
}
